
Microsoft Visual Studio Solution File, Format Version 12.00
# Visual Studio Version 17
VisualStudioVersion = 17.8.34316.72
MinimumVisualStudioVersion = 10.0.40219.1
Project("{FAE04EC0-301F-11D3-BF4B-00C04F79EFBC}") = "AdaTech.ExerciciosFerias", "AdaTech.ExerciciosFerias\AdaTech.ExerciciosFerias.csproj", "{EECA57BD-C27F-4E8C-A83C-6413D02A57C0}"
EndProject
Global
	GlobalSection(SolutionConfigurationPlatforms) = preSolution
		Debug|Any CPU = Debug|Any CPU
		Release|Any CPU = Release|Any CPU
	EndGlobalSection
	GlobalSection(ProjectConfigurationPlatforms) = postSolution
		{EECA57BD-C27F-4E8C-A83C-6413D02A57C0}.Debug|Any CPU.ActiveCfg = Debug|Any CPU
		{EECA57BD-C27F-4E8C-A83C-6413D02A57C0}.Debug|Any CPU.Build.0 = Debug|Any CPU
		{EECA57BD-C27F-4E8C-A83C-6413D02A57C0}.Release|Any CPU.ActiveCfg = Release|Any CPU
		{EECA57BD-C27F-4E8C-A83C-6413D02A57C0}.Release|Any CPU.Build.0 = Release|Any CPU
	EndGlobalSection
	GlobalSection(SolutionProperties) = preSolution
		HideSolutionNode = FALSE
	EndGlobalSection
	GlobalSection(ExtensibilityGlobals) = postSolution
		SolutionGuid = {7B6F03D6-3B37-4402-94B6-AB8F90B794FE}
	EndGlobalSection
EndGlobal
